
Microsoft Visual Studio Solution File, Format Version 12.00
# Visual Studio Version 17
VisualStudioVersion = 17.4.33205.214
MinimumVisualStudioVersion = 10.0.40219.1
Project("{9A19103F-16F7-4668-BE54-9A1E7A4F7556}") = "TaskList", "TaskList.csproj", "{D96C053F-60E9-4244-AE6D-2A5C4A4C3AD8}"
EndProject
Project("{9A19103F-16F7-4668-BE54-9A1E7A4F7556}") = "TestProject1", "TestProject1\TestProject1.csproj", "{7069B90B-7496-4AC5-A90A-14EC2630A093}"
	ProjectSection(ProjectDependencies) = postProject
		{D96C053F-60E9-4244-AE6D-2A5C4A4C3AD8} = {D96C053F-60E9-4244-AE6D-2A5C4A4C3AD8}
	EndProjectSection
EndProject
Project("{9A19103F-16F7-4668-BE54-9A1E7A4F7556}") = "Business", "Business\Business.csproj", "{C5DA0C4D-E7FD-4C87-9B2D-ACA29F264D06}"
EndProject
Project("{FAE04EC0-301F-11D3-BF4B-00C04F79EFBC}") = "DataAccesLayer", "..\DataAccesLayer\DataAccesLayer.csproj", "{5A350100-F970-452F-935D-5C0CC058E1C7}"
EndProject
Global
	GlobalSection(SolutionConfigurationPlatforms) = preSolution
		Debug|Any CPU = Debug|Any CPU
		Release|Any CPU = Release|Any CPU
	EndGlobalSection
	GlobalSection(ProjectConfigurationPlatforms) = postSolution
		{D96C053F-60E9-4244-AE6D-2A5C4A4C3AD8}.Debug|Any CPU.ActiveCfg = Debug|Any CPU
		{D96C053F-60E9-4244-AE6D-2A5C4A4C3AD8}.Debug|Any CPU.Build.0 = Debug|Any CPU
		{D96C053F-60E9-4244-AE6D-2A5C4A4C3AD8}.Release|Any CPU.ActiveCfg = Release|Any CPU
		{D96C053F-60E9-4244-AE6D-2A5C4A4C3AD8}.Release|Any CPU.Build.0 = Release|Any CPU
		{7069B90B-7496-4AC5-A90A-14EC2630A093}.Debug|Any CPU.ActiveCfg = Debug|Any CPU
		{7069B90B-7496-4AC5-A90A-14EC2630A093}.Debug|Any CPU.Build.0 = Debug|Any CPU
		{7069B90B-7496-4AC5-A90A-14EC2630A093}.Release|Any CPU.ActiveCfg = Release|Any CPU
		{7069B90B-7496-4AC5-A90A-14EC2630A093}.Release|Any CPU.Build.0 = Release|Any CPU
		{C5DA0C4D-E7FD-4C87-9B2D-ACA29F264D06}.Debug|Any CPU.ActiveCfg = Debug|Any CPU
		{C5DA0C4D-E7FD-4C87-9B2D-ACA29F264D06}.Debug|Any CPU.Build.0 = Debug|Any CPU
		{C5DA0C4D-E7FD-4C87-9B2D-ACA29F264D06}.Release|Any CPU.ActiveCfg = Release|Any CPU
		{C5DA0C4D-E7FD-4C87-9B2D-ACA29F264D06}.Release|Any CPU.Build.0 = Release|Any CPU
		{5A350100-F970-452F-935D-5C0CC058E1C7}.Debug|Any CPU.ActiveCfg = Debug|Any CPU
		{5A350100-F970-452F-935D-5C0CC058E1C7}.Debug|Any CPU.Build.0 = Debug|Any CPU
		{5A350100-F970-452F-935D-5C0CC058E1C7}.Release|Any CPU.ActiveCfg = Release|Any CPU
		{5A350100-F970-452F-935D-5C0CC058E1C7}.Release|Any CPU.Build.0 = Release|Any CPU
	EndGlobalSection
	GlobalSection(SolutionProperties) = preSolution
		HideSolutionNode = FALSE
	EndGlobalSection
	GlobalSection(ExtensibilityGlobals) = postSolution
		SolutionGuid = {61801199-9158-4911-9312-4942C0B89FFE}
	EndGlobalSection
EndGlobal
